
Microsoft Visual Studio Solution File, Format Version 12.00
# Visual Studio Version 17
VisualStudioVersion = 17.1.32210.238
MinimumVisualStudioVersion = 10.0.40219.1
Project("{888888A0-9F3D-457C-B088-3A5042F75D52}") = "MinimizeKaryagin", "MinimizeKaryagin\MinimizeKaryagin.pyproj", "{56DC94F9-4371-452F-A644-97953A6BF641}"
EndProject
Global
	GlobalSection(SolutionConfigurationPlatforms) = preSolution
		Debug|Any CPU = Debug|Any CPU
		Release|Any CPU = Release|Any CPU
	EndGlobalSection
	GlobalSection(ProjectConfigurationPlatforms) = postSolution
		{56DC94F9-4371-452F-A644-97953A6BF641}.Debug|Any CPU.ActiveCfg = Debug|Any CPU
		{56DC94F9-4371-452F-A644-97953A6BF641}.Release|Any CPU.ActiveCfg = Release|Any CPU
	EndGlobalSection
	GlobalSection(SolutionProperties) = preSolution
		HideSolutionNode = FALSE
	EndGlobalSection
	GlobalSection(ExtensibilityGlobals) = postSolution
		SolutionGuid = {AD1571CB-BAF2-49A6-A950-BEA68DE60139}
	EndGlobalSection
EndGlobal
